
Microsoft Visual Studio Solution File, Format Version 12.00
# Visual Studio Version 17
VisualStudioVersion = 17.0.31903.59
MinimumVisualStudioVersion = 10.0.40219.1
Project("{FAE04EC0-301F-11D3-BF4B-00C04F79EFBC}") = "GridRunners.Api", "GridRunners.Api\GridRunners.Api.csproj", "{754C4959-2191-4162-AFD6-F09C06B38E8A}"
EndProject
Project("{FAE04EC0-301F-11D3-BF4B-00C04F79EFBC}") = "GridRunners.Core", "GridRunners.Core\GridRunners.Core.csproj", "{0BF279FF-D897-47BE-B8EC-5632456ECECA}"
EndProject
Project("{FAE04EC0-301F-11D3-BF4B-00C04F79EFBC}") = "GridRunners.SignalR", "GridRunners.SignalR\GridRunners.SignalR.csproj", "{7AED3C74-6F0C-4C10-BBD0-FD8B0B3C8456}"
EndProject
Global
	GlobalSection(SolutionConfigurationPlatforms) = preSolution
		Debug|Any CPU = Debug|Any CPU
		Release|Any CPU = Release|Any CPU
	EndGlobalSection
	GlobalSection(SolutionProperties) = preSolution
		HideSolutionNode = FALSE
	EndGlobalSection
	GlobalSection(ProjectConfigurationPlatforms) = postSolution
		{754C4959-2191-4162-AFD6-F09C06B38E8A}.Debug|Any CPU.ActiveCfg = Debug|Any CPU
		{754C4959-2191-4162-AFD6-F09C06B38E8A}.Debug|Any CPU.Build.0 = Debug|Any CPU
		{754C4959-2191-4162-AFD6-F09C06B38E8A}.Release|Any CPU.ActiveCfg = Release|Any CPU
		{754C4959-2191-4162-AFD6-F09C06B38E8A}.Release|Any CPU.Build.0 = Release|Any CPU
		{0BF279FF-D897-47BE-B8EC-5632456ECECA}.Debug|Any CPU.ActiveCfg = Debug|Any CPU
		{0BF279FF-D897-47BE-B8EC-5632456ECECA}.Debug|Any CPU.Build.0 = Debug|Any CPU
		{0BF279FF-D897-47BE-B8EC-5632456ECECA}.Release|Any CPU.ActiveCfg = Release|Any CPU
		{0BF279FF-D897-47BE-B8EC-5632456ECECA}.Release|Any CPU.Build.0 = Release|Any CPU
		{7AED3C74-6F0C-4C10-BBD0-FD8B0B3C8456}.Debug|Any CPU.ActiveCfg = Debug|Any CPU
		{7AED3C74-6F0C-4C10-BBD0-FD8B0B3C8456}.Debug|Any CPU.Build.0 = Debug|Any CPU
		{7AED3C74-6F0C-4C10-BBD0-FD8B0B3C8456}.Release|Any CPU.ActiveCfg = Release|Any CPU
		{7AED3C74-6F0C-4C10-BBD0-FD8B0B3C8456}.Release|Any CPU.Build.0 = Release|Any CPU
	EndGlobalSection
EndGlobal
